
Microsoft Visual Studio Solution File, Format Version 12.00
# Visual Studio Version 17
VisualStudioVersion = 17.0.31903.59
MinimumVisualStudioVersion = 10.0.40219.1
Project("{FAE04EC0-301F-11D3-BF4B-00C04F79EFBC}") = "Vorn.File.Host", "Vorn.File\Vorn.File.Host.csproj", "{C855036B-44ED-4929-8111-51AB80F8CCFE}"
EndProject
Global
	GlobalSection(SolutionConfigurationPlatforms) = preSolution
		Debug|Any CPU = Debug|Any CPU
		Release|Any CPU = Release|Any CPU
	EndGlobalSection
	GlobalSection(ProjectConfigurationPlatforms) = postSolution
		{C855036B-44ED-4929-8111-51AB80F8CCFE}.Debug|Any CPU.ActiveCfg = Debug|Any CPU
		{C855036B-44ED-4929-8111-51AB80F8CCFE}.Debug|Any CPU.Build.0 = Debug|Any CPU
		{C855036B-44ED-4929-8111-51AB80F8CCFE}.Release|Any CPU.ActiveCfg = Release|Any CPU
		{C855036B-44ED-4929-8111-51AB80F8CCFE}.Release|Any CPU.Build.0 = Release|Any CPU
	EndGlobalSection
	GlobalSection(SolutionProperties) = preSolution
		HideSolutionNode = FALSE
	EndGlobalSection
EndGlobal
